{
  "pins" : [
    {
      "identity" : "access-package-ios",
      "kind" : "remoteSourceControl",
      "location" : "https://github.com/p3ol/access-package-ios.git",
      "state" : {
        "branch" : "main",
        "revision" : "79537db65b0cfeea468957993cdd49750ece036b"
      }
    }
  ],
  "version" : 2
}
